
Microsoft Visual Studio Solution File, Format Version 12.00
# Visual Studio Version 16
VisualStudioVersion = 16.0.34407.143
MinimumVisualStudioVersion = 10.0.40219.1
Project("{FAE04EC0-301F-11D3-BF4B-00C04F79EFBC}") = "CURDMVC", "CURDMVC\CURDMVC.csproj", "{922E9DD4-64EC-4BB5-BB7F-D8FEAF10ADDA}"
EndProject
Global
	GlobalSection(SolutionConfigurationPlatforms) = preSolution
		Debug|Any CPU = Debug|Any CPU
		Release|Any CPU = Release|Any CPU
	EndGlobalSection
	GlobalSection(ProjectConfigurationPlatforms) = postSolution
		{922E9DD4-64EC-4BB5-BB7F-D8FEAF10ADDA}.Debug|Any CPU.ActiveCfg = Debug|Any CPU
		{922E9DD4-64EC-4BB5-BB7F-D8FEAF10ADDA}.Debug|Any CPU.Build.0 = Debug|Any CPU
		{922E9DD4-64EC-4BB5-BB7F-D8FEAF10ADDA}.Release|Any CPU.ActiveCfg = Release|Any CPU
		{922E9DD4-64EC-4BB5-BB7F-D8FEAF10ADDA}.Release|Any CPU.Build.0 = Release|Any CPU
	EndGlobalSection
	GlobalSection(SolutionProperties) = preSolution
		HideSolutionNode = FALSE
	EndGlobalSection
	GlobalSection(ExtensibilityGlobals) = postSolution
		SolutionGuid = {265803BF-D849-42A8-AA77-53885A959343}
	EndGlobalSection
EndGlobal
