
Microsoft Visual Studio Solution File, Format Version 12.00
# Visual Studio Version 17
VisualStudioVersion = 17.10.34928.147
MinimumVisualStudioVersion = 10.0.40219.1
Project("{FAE04EC0-301F-11D3-BF4B-00C04F79EFBC}") = "CRUD_Naksh", "CRUD_Naksh\CRUD_Naksh.csproj", "{E3E1CA64-358D-45AD-9C92-1FB560D97915}"
EndProject
Global
	GlobalSection(SolutionConfigurationPlatforms) = preSolution
		Debug|Any CPU = Debug|Any CPU
		Release|Any CPU = Release|Any CPU
	EndGlobalSection
	GlobalSection(ProjectConfigurationPlatforms) = postSolution
		{E3E1CA64-358D-45AD-9C92-1FB560D97915}.Debug|Any CPU.ActiveCfg = Debug|Any CPU
		{E3E1CA64-358D-45AD-9C92-1FB560D97915}.Debug|Any CPU.Build.0 = Debug|Any CPU
		{E3E1CA64-358D-45AD-9C92-1FB560D97915}.Release|Any CPU.ActiveCfg = Release|Any CPU
		{E3E1CA64-358D-45AD-9C92-1FB560D97915}.Release|Any CPU.Build.0 = Release|Any CPU
	EndGlobalSection
	GlobalSection(SolutionProperties) = preSolution
		HideSolutionNode = FALSE
	EndGlobalSection
	GlobalSection(ExtensibilityGlobals) = postSolution
		SolutionGuid = {9046CCEE-0C69-44A2-A4BA-6FE617078021}
	EndGlobalSection
EndGlobal
